
Microsoft Visual Studio Solution File, Format Version 12.00
# Visual Studio Version 17
VisualStudioVersion = 17.9.34728.123
MinimumVisualStudioVersion = 10.0.40219.1
Project("{888888A0-9F3D-457C-B088-3A5042F75D52}") = "10", "10\10.pyproj", "{480EF5DC-0A28-40CE-A4EF-23F9447AD241}"
EndProject
Global
	GlobalSection(SolutionConfigurationPlatforms) = preSolution
		Debug|Any CPU = Debug|Any CPU
		Release|Any CPU = Release|Any CPU
	EndGlobalSection
	GlobalSection(ProjectConfigurationPlatforms) = postSolution
		{480EF5DC-0A28-40CE-A4EF-23F9447AD241}.Debug|Any CPU.ActiveCfg = Debug|Any CPU
		{480EF5DC-0A28-40CE-A4EF-23F9447AD241}.Release|Any CPU.ActiveCfg = Release|Any CPU
	EndGlobalSection
	GlobalSection(SolutionProperties) = preSolution
		HideSolutionNode = FALSE
	EndGlobalSection
	GlobalSection(ExtensibilityGlobals) = postSolution
		SolutionGuid = {5AD942BD-5F32-4989-B185-D3A8D641F0EA}
	EndGlobalSection
EndGlobal
